
Microsoft Visual Studio Solution File, Format Version 12.00
# Visual Studio Version 17
VisualStudioVersion = 17.7.34031.279
MinimumVisualStudioVersion = 10.0.40219.1
Project("{9A19103F-16F7-4668-BE54-9A1E7A4F7556}") = "Lektion_9", "Lektion_9\Lektion_9.csproj", "{D3F316E1-C78A-4460-95EA-B982C7B626CC}"
EndProject
Project("{9A19103F-16F7-4668-BE54-9A1E7A4F7556}") = "uppg_2.1", "uppg_2.1\uppg_2.1.csproj", "{CA92A541-E35B-40C1-8289-9690BF818682}"
EndProject
Project("{FAE04EC0-301F-11D3-BF4B-00C04F79EFBC}") = "uppg_4.1o2", "uppg_4.1o2\uppg_4.1o2.csproj", "{B09C3472-0A1B-425C-9BBC-D46EE6B808A4}"
EndProject
Project("{FAE04EC0-301F-11D3-BF4B-00C04F79EFBC}") = "uppg_5.1o2", "uppg_5.1o2\uppg_5.1o2.csproj", "{F2C022A2-3BA0-4B58-8349-519235ADDB55}"
EndProject
Project("{FAE04EC0-301F-11D3-BF4B-00C04F79EFBC}") = "uppg_6.1o2o3", "uppg_6.1o2o3\uppg_6.1o2o3.csproj", "{74F2AEC7-402D-4632-A230-E3F83645B5E1}"
EndProject
Project("{FAE04EC0-301F-11D3-BF4B-00C04F79EFBC}") = "uppg_7_HideString", "uppg_7_HideString\uppg_7_HideString.csproj", "{AA7822DA-825D-4394-9D31-75FADF4E988F}"
EndProject
Project("{FAE04EC0-301F-11D3-BF4B-00C04F79EFBC}") = "uppg_8.1", "uppg_8.1\uppg_8.1.csproj", "{DCE04513-A36B-40CE-845A-82FC7B81F856}"
EndProject
Global
	GlobalSection(SolutionConfigurationPlatforms) = preSolution
		Debug|Any CPU = Debug|Any CPU
		Release|Any CPU = Release|Any CPU
	EndGlobalSection
	GlobalSection(ProjectConfigurationPlatforms) = postSolution
		{D3F316E1-C78A-4460-95EA-B982C7B626CC}.Debug|Any CPU.ActiveCfg = Debug|Any CPU
		{D3F316E1-C78A-4460-95EA-B982C7B626CC}.Debug|Any CPU.Build.0 = Debug|Any CPU
		{D3F316E1-C78A-4460-95EA-B982C7B626CC}.Release|Any CPU.ActiveCfg = Release|Any CPU
		{D3F316E1-C78A-4460-95EA-B982C7B626CC}.Release|Any CPU.Build.0 = Release|Any CPU
		{CA92A541-E35B-40C1-8289-9690BF818682}.Debug|Any CPU.ActiveCfg = Debug|Any CPU
		{CA92A541-E35B-40C1-8289-9690BF818682}.Debug|Any CPU.Build.0 = Debug|Any CPU
		{CA92A541-E35B-40C1-8289-9690BF818682}.Release|Any CPU.ActiveCfg = Release|Any CPU
		{CA92A541-E35B-40C1-8289-9690BF818682}.Release|Any CPU.Build.0 = Release|Any CPU
		{B09C3472-0A1B-425C-9BBC-D46EE6B808A4}.Debug|Any CPU.ActiveCfg = Debug|Any CPU
		{B09C3472-0A1B-425C-9BBC-D46EE6B808A4}.Debug|Any CPU.Build.0 = Debug|Any CPU
		{B09C3472-0A1B-425C-9BBC-D46EE6B808A4}.Release|Any CPU.ActiveCfg = Release|Any CPU
		{B09C3472-0A1B-425C-9BBC-D46EE6B808A4}.Release|Any CPU.Build.0 = Release|Any CPU
		{F2C022A2-3BA0-4B58-8349-519235ADDB55}.Debug|Any CPU.ActiveCfg = Debug|Any CPU
		{F2C022A2-3BA0-4B58-8349-519235ADDB55}.Debug|Any CPU.Build.0 = Debug|Any CPU
		{F2C022A2-3BA0-4B58-8349-519235ADDB55}.Release|Any CPU.ActiveCfg = Release|Any CPU
		{F2C022A2-3BA0-4B58-8349-519235ADDB55}.Release|Any CPU.Build.0 = Release|Any CPU
		{74F2AEC7-402D-4632-A230-E3F83645B5E1}.Debug|Any CPU.ActiveCfg = Debug|Any CPU
		{74F2AEC7-402D-4632-A230-E3F83645B5E1}.Debug|Any CPU.Build.0 = Debug|Any CPU
		{74F2AEC7-402D-4632-A230-E3F83645B5E1}.Release|Any CPU.ActiveCfg = Release|Any CPU
		{74F2AEC7-402D-4632-A230-E3F83645B5E1}.Release|Any CPU.Build.0 = Release|Any CPU
		{AA7822DA-825D-4394-9D31-75FADF4E988F}.Debug|Any CPU.ActiveCfg = Debug|Any CPU
		{AA7822DA-825D-4394-9D31-75FADF4E988F}.Debug|Any CPU.Build.0 = Debug|Any CPU
		{AA7822DA-825D-4394-9D31-75FADF4E988F}.Release|Any CPU.ActiveCfg = Release|Any CPU
		{AA7822DA-825D-4394-9D31-75FADF4E988F}.Release|Any CPU.Build.0 = Release|Any CPU
		{DCE04513-A36B-40CE-845A-82FC7B81F856}.Debug|Any CPU.ActiveCfg = Debug|Any CPU
		{DCE04513-A36B-40CE-845A-82FC7B81F856}.Debug|Any CPU.Build.0 = Debug|Any CPU
		{DCE04513-A36B-40CE-845A-82FC7B81F856}.Release|Any CPU.ActiveCfg = Release|Any CPU
		{DCE04513-A36B-40CE-845A-82FC7B81F856}.Release|Any CPU.Build.0 = Release|Any CPU
	EndGlobalSection
	GlobalSection(SolutionProperties) = preSolution
		HideSolutionNode = FALSE
	EndGlobalSection
	GlobalSection(ExtensibilityGlobals) = postSolution
		SolutionGuid = {45D9768D-C7F5-41A2-AA9E-80D150461E56}
	EndGlobalSection
EndGlobal
